
Microsoft Visual Studio Solution File, Format Version 12.00
# Visual Studio Version 17
VisualStudioVersion = 17.13.35931.197 d17.13
MinimumVisualStudioVersion = 10.0.40219.1
Project("{8BC9CEB8-8B4A-11D0-8D11-00A0C91BC942}") = "quickSort", "quickSort\quickSort.vcxproj", "{EFC2C55F-1CFB-4E46-BA1B-1350FEFE1AEA}"
EndProject
Global
	GlobalSection(SolutionConfigurationPlatforms) = preSolution
		Debug|x64 = Debug|x64
		Debug|x86 = Debug|x86
		Release|x64 = Release|x64
		Release|x86 = Release|x86
	EndGlobalSection
	GlobalSection(ProjectConfigurationPlatforms) = postSolution
		{EFC2C55F-1CFB-4E46-BA1B-1350FEFE1AEA}.Debug|x64.ActiveCfg = Debug|x64
		{EFC2C55F-1CFB-4E46-BA1B-1350FEFE1AEA}.Debug|x64.Build.0 = Debug|x64
		{EFC2C55F-1CFB-4E46-BA1B-1350FEFE1AEA}.Debug|x86.ActiveCfg = Debug|Win32
		{EFC2C55F-1CFB-4E46-BA1B-1350FEFE1AEA}.Debug|x86.Build.0 = Debug|Win32
		{EFC2C55F-1CFB-4E46-BA1B-1350FEFE1AEA}.Release|x64.ActiveCfg = Release|x64
		{EFC2C55F-1CFB-4E46-BA1B-1350FEFE1AEA}.Release|x64.Build.0 = Release|x64
		{EFC2C55F-1CFB-4E46-BA1B-1350FEFE1AEA}.Release|x86.ActiveCfg = Release|Win32
		{EFC2C55F-1CFB-4E46-BA1B-1350FEFE1AEA}.Release|x86.Build.0 = Release|Win32
	EndGlobalSection
	GlobalSection(SolutionProperties) = preSolution
		HideSolutionNode = FALSE
	EndGlobalSection
	GlobalSection(ExtensibilityGlobals) = postSolution
		SolutionGuid = {8FCBDCED-9F0E-4912-8158-7C5B9B88DBDA}
	EndGlobalSection
EndGlobal
